
Microsoft Visual Studio Solution File, Format Version 12.00
# Visual Studio Version 16
VisualStudioVersion = 16.0.29418.71
MinimumVisualStudioVersion = 10.0.40219.1
Project("{FAE04EC0-301F-11D3-BF4B-00C04F79EFBC}") = "PAMiW_PDF", "PAMiW_PDF\PAMiW_PDF.csproj", "{3BE12D23-C13D-45FF-9239-757E914B45E8}"
EndProject
Global
	GlobalSection(SolutionConfigurationPlatforms) = preSolution
		Debug|Any CPU = Debug|Any CPU
		Release|Any CPU = Release|Any CPU
	EndGlobalSection
	GlobalSection(ProjectConfigurationPlatforms) = postSolution
		{3BE12D23-C13D-45FF-9239-757E914B45E8}.Debug|Any CPU.ActiveCfg = Debug|Any CPU
		{3BE12D23-C13D-45FF-9239-757E914B45E8}.Debug|Any CPU.Build.0 = Debug|Any CPU
		{3BE12D23-C13D-45FF-9239-757E914B45E8}.Release|Any CPU.ActiveCfg = Release|Any CPU
		{3BE12D23-C13D-45FF-9239-757E914B45E8}.Release|Any CPU.Build.0 = Release|Any CPU
	EndGlobalSection
	GlobalSection(SolutionProperties) = preSolution
		HideSolutionNode = FALSE
	EndGlobalSection
	GlobalSection(ExtensibilityGlobals) = postSolution
		SolutionGuid = {4994962C-11BB-44FA-B80B-DFF2E01775FF}
	EndGlobalSection
EndGlobal
