
Microsoft Visual Studio Solution File, Format Version 12.00
# Visual Studio Version 16
VisualStudioVersion = 16.0.29418.71
MinimumVisualStudioVersion = 10.0.40219.1
Project("{FAE04EC0-301F-11D3-BF4B-00C04F79EFBC}") = "PAMiW_SecondApp", "PAMiW_SecondApp\PAMiW_SecondApp.csproj", "{1498768E-3D61-4E93-B239-189C14303CFD}"
EndProject
Global
	GlobalSection(SolutionConfigurationPlatforms) = preSolution
		Debug|Any CPU = Debug|Any CPU
		Release|Any CPU = Release|Any CPU
	EndGlobalSection
	GlobalSection(ProjectConfigurationPlatforms) = postSolution
		{1498768E-3D61-4E93-B239-189C14303CFD}.Debug|Any CPU.ActiveCfg = Debug|Any CPU
		{1498768E-3D61-4E93-B239-189C14303CFD}.Debug|Any CPU.Build.0 = Debug|Any CPU
		{1498768E-3D61-4E93-B239-189C14303CFD}.Release|Any CPU.ActiveCfg = Release|Any CPU
		{1498768E-3D61-4E93-B239-189C14303CFD}.Release|Any CPU.Build.0 = Release|Any CPU
	EndGlobalSection
	GlobalSection(SolutionProperties) = preSolution
		HideSolutionNode = FALSE
	EndGlobalSection
	GlobalSection(ExtensibilityGlobals) = postSolution
		SolutionGuid = {E52A657C-6105-4A76-B17E-D75171D03924}
	EndGlobalSection
EndGlobal
